
Microsoft Visual Studio Solution File, Format Version 12.00
# Visual Studio Version 17
VisualStudioVersion = 17.11.35222.181
MinimumVisualStudioVersion = 10.0.40219.1
Project("{FAE04EC0-301F-11D3-BF4B-00C04F79EFBC}") = "TPC", "TPC\TPC.csproj", "{EC1F4099-73D3-42D7-9576-5506380293BD}"
EndProject
Project("{FAE04EC0-301F-11D3-BF4B-00C04F79EFBC}") = "dominio", "dominio\dominio.csproj", "{88F37F30-52CA-480C-A650-F16E074EB4C4}"
EndProject
Project("{FAE04EC0-301F-11D3-BF4B-00C04F79EFBC}") = "negocio", "negocio\negocio.csproj", "{879D9139-9CF3-486F-9BC2-D0D0053E121E}"
EndProject
Project("{FAE04EC0-301F-11D3-BF4B-00C04F79EFBC}") = "accesorio", "accesorio\accesorio.csproj", "{2E361738-592C-417C-A762-B175CCB2E894}"
EndProject
Global
	GlobalSection(SolutionConfigurationPlatforms) = preSolution
		Debug|Any CPU = Debug|Any CPU
		Release|Any CPU = Release|Any CPU
	EndGlobalSection
	GlobalSection(ProjectConfigurationPlatforms) = postSolution
		{EC1F4099-73D3-42D7-9576-5506380293BD}.Debug|Any CPU.ActiveCfg = Debug|Any CPU
		{EC1F4099-73D3-42D7-9576-5506380293BD}.Debug|Any CPU.Build.0 = Debug|Any CPU
		{EC1F4099-73D3-42D7-9576-5506380293BD}.Release|Any CPU.ActiveCfg = Release|Any CPU
		{EC1F4099-73D3-42D7-9576-5506380293BD}.Release|Any CPU.Build.0 = Release|Any CPU
		{88F37F30-52CA-480C-A650-F16E074EB4C4}.Debug|Any CPU.ActiveCfg = Debug|Any CPU
		{88F37F30-52CA-480C-A650-F16E074EB4C4}.Debug|Any CPU.Build.0 = Debug|Any CPU
		{88F37F30-52CA-480C-A650-F16E074EB4C4}.Release|Any CPU.ActiveCfg = Release|Any CPU
		{88F37F30-52CA-480C-A650-F16E074EB4C4}.Release|Any CPU.Build.0 = Release|Any CPU
		{879D9139-9CF3-486F-9BC2-D0D0053E121E}.Debug|Any CPU.ActiveCfg = Debug|Any CPU
		{879D9139-9CF3-486F-9BC2-D0D0053E121E}.Debug|Any CPU.Build.0 = Debug|Any CPU
		{879D9139-9CF3-486F-9BC2-D0D0053E121E}.Release|Any CPU.ActiveCfg = Release|Any CPU
		{879D9139-9CF3-486F-9BC2-D0D0053E121E}.Release|Any CPU.Build.0 = Release|Any CPU
		{2E361738-592C-417C-A762-B175CCB2E894}.Debug|Any CPU.ActiveCfg = Debug|Any CPU
		{2E361738-592C-417C-A762-B175CCB2E894}.Debug|Any CPU.Build.0 = Debug|Any CPU
		{2E361738-592C-417C-A762-B175CCB2E894}.Release|Any CPU.ActiveCfg = Release|Any CPU
		{2E361738-592C-417C-A762-B175CCB2E894}.Release|Any CPU.Build.0 = Release|Any CPU
	EndGlobalSection
	GlobalSection(SolutionProperties) = preSolution
		HideSolutionNode = FALSE
	EndGlobalSection
	GlobalSection(ExtensibilityGlobals) = postSolution
		SolutionGuid = {B2F079B9-F0EC-4790-BA45-1C0DDCC7F3E6}
	EndGlobalSection
EndGlobal
